
Microsoft Visual Studio Solution File, Format Version 12.00
# Visual Studio Version 17
VisualStudioVersion = 17.4.33103.184
MinimumVisualStudioVersion = 10.0.40219.1
Project("{FAE04EC0-301F-11D3-BF4B-00C04F79EFBC}") = "WebApiAuthors", "WebApiAuthors\WebApiAuthors.csproj", "{CC51C9AD-DC58-4158-B16E-B51227BB89C3}"
EndProject
Global
	GlobalSection(SolutionConfigurationPlatforms) = preSolution
		Debug|Any CPU = Debug|Any CPU
		Release|Any CPU = Release|Any CPU
	EndGlobalSection
	GlobalSection(ProjectConfigurationPlatforms) = postSolution
		{CC51C9AD-DC58-4158-B16E-B51227BB89C3}.Debug|Any CPU.ActiveCfg = Debug|Any CPU
		{CC51C9AD-DC58-4158-B16E-B51227BB89C3}.Debug|Any CPU.Build.0 = Debug|Any CPU
		{CC51C9AD-DC58-4158-B16E-B51227BB89C3}.Release|Any CPU.ActiveCfg = Release|Any CPU
		{CC51C9AD-DC58-4158-B16E-B51227BB89C3}.Release|Any CPU.Build.0 = Release|Any CPU
	EndGlobalSection
	GlobalSection(SolutionProperties) = preSolution
		HideSolutionNode = FALSE
	EndGlobalSection
	GlobalSection(ExtensibilityGlobals) = postSolution
		SolutionGuid = {9DADA095-8BFD-4284-A7E7-818614C1B35C}
	EndGlobalSection
EndGlobal
